// !$*UTF8*$!
{
	archiveVersion = 1;
	classes = {
	};
	objectVersion = 77;
	objects = {

/* Begin PBXBuildFile section */
		1C209E395ADE28C9EE48E1D1 /* RootView.swift in Sources */ = {isa = PBXBuildFile; fileRef = B9B067A44E56578186A1018C /* RootView.swift */; };
		599BE417A2A72385E740445E /* ZeroEchelonKit in Frameworks */ = {isa = PBXBuildFile; productRef = 334AA1AC3E896ABACF7307B9 /* ZeroEchelonKit */; };
		7A2B6647B55E2AF8C339618D /* NodeFrameView.swift in Sources */ = {isa = PBXBuildFile; fileRef = 490ECBC32C4EF72FEB3BC977 /* NodeFrameView.swift */; };
		8DC3631767EF2E1FE6AB4725 /* ZeroEchelonApp.swift in Sources */ = {isa = PBXBuildFile; fileRef = A2BC78B0B277318950696E35 /* ZeroEchelonApp.swift */; };
		CFAA8D438640AD28C959C970 /* SpeechController.swift in Sources */ = {isa = PBXBuildFile; fileRef = AAC6A92D2363BB5BD7ADF1E2 /* SpeechController.swift */; };
/* End PBXBuildFile section */

/* Begin PBXFileReference section */
		490ECBC32C4EF72FEB3BC977 /* NodeFrameView.swift */ = {isa = PBXFileReference; lastKnownFileType = sourcecode.swift; path = NodeFrameView.swift; sourceTree = "<group>"; };
		4BD70F0A395EDF03053EDEB1 /* ios */ = {isa = PBXFileReference; lastKnownFileType = folder; name = ios; path = .; sourceTree = SOURCE_ROOT; };
		92FDA6C03FF503AA02360C4E /* ZeroEchelon.app */ = {isa = PBXFileReference; includeInIndex = 0; lastKnownFileType = wrapper.application; path = ZeroEchelon.app; sourceTree = BUILT_PRODUCTS_DIR; };
		A2BC78B0B277318950696E35 /* ZeroEchelonApp.swift */ = {isa = PBXFileReference; lastKnownFileType = sourcecode.swift; path = ZeroEchelonApp.swift; sourceTree = "<group>"; };
		AAC6A92D2363BB5BD7ADF1E2 /* SpeechController.swift */ = {isa = PBXFileReference; lastKnownFileType = sourcecode.swift; path = SpeechController.swift; sourceTree = "<group>"; };
		B9B067A44E56578186A1018C /* RootView.swift */ = {isa = PBXFileReference; lastKnownFileType = sourcecode.swift; path = RootView.swift; sourceTree = "<group>"; };
/* End PBXFileReference section */

/* Begin PBXFrameworksBuildPhase section */
		26D26B62479C83151113712C /* Frameworks */ = {
			isa = PBXFrameworksBuildPhase;
			buildActionMask = 2147483647;
			files = (
				599BE417A2A72385E740445E /* ZeroEchelonKit in Frameworks */,
			);
			runOnlyForDeploymentPostprocessing = 0;
		};
/* End PBXFrameworksBuildPhase section */

/* Begin PBXGroup section */
		03FE7DB8ED35829B4E34A86C /* App */ = {
			isa = PBXGroup;
			children = (
				6B766EF81F2D42CD1C75CD68 /* Speech */,
				DE3EB0AC2E4CAA5FB5F2B77B /* Views */,
				B9B067A44E56578186A1018C /* RootView.swift */,
				A2BC78B0B277318950696E35 /* ZeroEchelonApp.swift */,
			);
			path = App;
			sourceTree = "<group>";
		};
		18899A36958BFB764D927DDB = {
			isa = PBXGroup;
			children = (
				03FE7DB8ED35829B4E34A86C /* App */,
				3EBC3F2B8C4D946348B9C696 /* Packages */,
				2B8FF8D0E43F7D9CE6C93493 /* Products */,
			);
			sourceTree = "<group>";
		};
		2B8FF8D0E43F7D9CE6C93493 /* Products */ = {
			isa = PBXGroup;
			children = (
				92FDA6C03FF503AA02360C4E /* ZeroEchelon.app */,
			);
			name = Products;
			sourceTree = "<group>";
		};
		3EBC3F2B8C4D946348B9C696 /* Packages */ = {
			isa = PBXGroup;
			children = (
				4BD70F0A395EDF03053EDEB1 /* ios */,
			);
			name = Packages;
			sourceTree = "<group>";
		};
		6B766EF81F2D42CD1C75CD68 /* Speech */ = {
			isa = PBXGroup;
			children = (
				AAC6A92D2363BB5BD7ADF1E2 /* SpeechController.swift */,
			);
			path = Speech;
			sourceTree = "<group>";
		};
		DE3EB0AC2E4CAA5FB5F2B77B /* Views */ = {
			isa = PBXGroup;
			children = (
				490ECBC32C4EF72FEB3BC977 /* NodeFrameView.swift */,
			);
			path = Views;
			sourceTree = "<group>";
		};
/* End PBXGroup section */

/* Begin PBXNativeTarget section */
		63DDC0D1AF1C7F851C9431C7 /* ZeroEchelon */ = {
			isa = PBXNativeTarget;
			buildConfigurationList = FC9708952EEC04F659A02F96 /* Build configuration list for PBXNativeTarget "ZeroEchelon" */;
			buildPhases = (
				5EE7D1F940BFA21AD232E56F /* Sources */,
				26D26B62479C83151113712C /* Frameworks */,
			);
			buildRules = (
			);
			dependencies = (
			);
			name = ZeroEchelon;
			packageProductDependencies = (
				334AA1AC3E896ABACF7307B9 /* ZeroEchelonKit */,
			);
			productName = ZeroEchelon;
			productReference = 92FDA6C03FF503AA02360C4E /* ZeroEchelon.app */;
			productType = "com.apple.product-type.application";
		};
/* End PBXNativeTarget section */

/* Begin PBXProject section */
		C57049357ACC97F019A54715 /* Project object */ = {
			isa = PBXProject;
			attributes = {
				BuildIndependentTargetsInParallel = YES;
				LastUpgradeCheck = 1430;
				TargetAttributes = {
				};
			};
			buildConfigurationList = 243E2E4933DC924F3ABDD942 /* Build configuration list for PBXProject "ZeroEchelon" */;
			developmentRegion = en;
			hasScannedForEncodings = 0;
			knownRegions = (
				Base,
				en,
			);
			mainGroup = 18899A36958BFB764D927DDB;
			minimizedProjectReferenceProxies = 1;
			packageReferences = (
				8A5F38E1C2CF2A15D0DBD616 /* XCLocalSwiftPackageReference "." */,
			);
			preferredProjectObjectVersion = 77;
			productRefGroup = 2B8FF8D0E43F7D9CE6C93493 /* Products */;
			projectDirPath = "";
			projectRoot = "";
			targets = (
				63DDC0D1AF1C7F851C9431C7 /* ZeroEchelon */,
			);
		};
/* End PBXProject section */

/* Begin PBXSourcesBuildPhase section */
		5EE7D1F940BFA21AD232E56F /* Sources */ = {
			isa = PBXSourcesBuildPhase;
			buildActionMask = 2147483647;
			files = (
				7A2B6647B55E2AF8C339618D /* NodeFrameView.swift in Sources */,
				1C209E395ADE28C9EE48E1D1 /* RootView.swift in Sources */,
				CFAA8D438640AD28C959C970 /* SpeechController.swift in Sources */,
				8DC3631767EF2E1FE6AB4725 /* ZeroEchelonApp.swift in Sources */,
			);
			runOnlyForDeploymentPostprocessing = 0;
		};
/* End PBXSourcesBuildPhase section */

/* Begin XCBuildConfiguration section */
		00CF78B5098F0303EDC750F8 /* Debug */ = {
			isa = XCBuildConfiguration;
			buildSettings = {
				ALWAYS_SEARCH_USER_PATHS = NO;
				BASE_SDK = iphoneos;
				CLANG_ANALYZER_NONNULL = YES;
				CLANG_ANALYZER_NUMBER_OBJECT_CONVERSION = YES_AGGRESSIVE;
				CLANG_CXX_LANGUAGE_STANDARD = "gnu++14";
				CLANG_CXX_LIBRARY = "libc++";
				CLANG_ENABLE_MODULES = YES;
				CLANG_ENABLE_OBJC_ARC = YES;
				CLANG_ENABLE_OBJC_WEAK = YES;
				CLANG_WARN_BLOCK_CAPTURE_AUTORELEASING = YES;
				CLANG_WARN_BOOL_CONVERSION = YES;
				CLANG_WARN_COMMA = YES;
				CLANG_WARN_CONSTANT_CONVERSION = YES;
				CLANG_WARN_DEPRECATED_OBJC_IMPLEMENTATIONS = YES;
				CLANG_WARN_DIRECT_OBJC_ISA_USAGE = YES_ERROR;
				CLANG_WARN_DOCUMENTATION_COMMENTS = YES;
				CLANG_WARN_EMPTY_BODY = YES;
				CLANG_WARN_ENUM_CONVERSION = YES;
				CLANG_WARN_INFINITE_RECURSION = YES;
				CLANG_WARN_INT_CONVERSION = YES;
				CLANG_WARN_NON_LITERAL_NULL_CONVERSION = YES;
				CLANG_WARN_OBJC_IMPLICIT_RETAIN_SELF = YES;
				CLANG_WARN_OBJC_LITERAL_CONVERSION = YES;
				CLANG_WARN_OBJC_ROOT_CLASS = YES_ERROR;
				CLANG_WARN_QUOTED_INCLUDE_IN_FRAMEWORK_HEADER = YES;
				CLANG_WARN_RANGE_LOOP_ANALYSIS = YES;
				CLANG_WARN_STRICT_PROTOTYPES = YES;
				CLANG_WARN_SUSPICIOUS_MOVE = YES;
				CLANG_WARN_UNGUARDED_AVAILABILITY = YES_AGGRESSIVE;
				CLANG_WARN_UNREACHABLE_CODE = YES;
				CLANG_WARN__DUPLICATE_METHOD_MATCH = YES;
				COPY_PHASE_STRIP = NO;
				DEBUG_INFORMATION_FORMAT = dwarf;
				ENABLE_STRICT_OBJC_MSGSEND = YES;
				ENABLE_TESTABILITY = YES;
				GCC_C_LANGUAGE_STANDARD = gnu11;
				GCC_DYNAMIC_NO_PIC = NO;
				GCC_NO_COMMON_BLOCKS = YES;
				GCC_OPTIMIZATION_LEVEL = 0;
				GCC_PREPROCESSOR_DEFINITIONS = (
					"$(inherited)",
					"DEBUG=1",
				);
				GCC_WARN_64_TO_32_BIT_CONVERSION = YES;
				GCC_WARN_ABOUT_RETURN_TYPE = YES_ERROR;
				GCC_WARN_UNDECLARED_SELECTOR = YES;
				GCC_WARN_UNINITIALIZED_AUTOS = YES_AGGRESSIVE;
				GCC_WARN_UNUSED_FUNCTION = YES;
				GCC_WARN_UNUSED_VARIABLE = YES;
				IPHONEOS_DEPLOYMENT_TARGET = 17.0;
				MTL_ENABLE_DEBUG_INFO = INCLUDE_SOURCE;
				MTL_FAST_MATH = YES;
				ONLY_ACTIVE_ARCH = YES;
				PRODUCT_NAME = "$(TARGET_NAME)";
				SDKROOT = iphoneos;
				SWIFT_ACTIVE_COMPILATION_CONDITIONS = DEBUG;
				SWIFT_OPTIMIZATION_LEVEL = "-Onone";
				SWIFT_VERSION = 6.0;
			};
			name = Debug;
		};
		6865A76C6258E59CFB57146D /* Release */ = {
			isa = XCBuildConfiguration;
			buildSettings = {
				ALWAYS_SEARCH_USER_PATHS = NO;
				BASE_SDK = iphoneos;
				CLANG_ANALYZER_NONNULL = YES;
				CLANG_ANALYZER_NUMBER_OBJECT_CONVERSION = YES_AGGRESSIVE;
				CLANG_CXX_LANGUAGE_STANDARD = "gnu++14";
				CLANG_CXX_LIBRARY = "libc++";
				CLANG_ENABLE_MODULES = YES;
				CLANG_ENABLE_OBJC_ARC = YES;
				CLANG_ENABLE_OBJC_WEAK = YES;
				CLANG_WARN_BLOCK_CAPTURE_AUTORELEASING = YES;
				CLANG_WARN_BOOL_CONVERSION = YES;
				CLANG_WARN_COMMA = YES;
				CLANG_WARN_CONSTANT_CONVERSION = YES;
				CLANG_WARN_DEPRECATED_OBJC_IMPLEMENTATIONS = YES;
				CLANG_WARN_DIRECT_OBJC_ISA_USAGE = YES_ERROR;
				CLANG_WARN_DOCUMENTATION_COMMENTS = YES;
				CLANG_WARN_EMPTY_BODY = YES;
				CLANG_WARN_ENUM_CONVERSION = YES;
				CLANG_WARN_INFINITE_RECURSION = YES;
				CLANG_WARN_INT_CONVERSION = YES;
				CLANG_WARN_NON_LITERAL_NULL_CONVERSION = YES;
				CLANG_WARN_OBJC_IMPLICIT_RETAIN_SELF = YES;
				CLANG_WARN_OBJC_LITERAL_CONVERSION = YES;
				CLANG_WARN_OBJC_ROOT_CLASS = YES_ERROR;
				CLANG_WARN_QUOTED_INCLUDE_IN_FRAMEWORK_HEADER = YES;
				CLANG_WARN_RANGE_LOOP_ANALYSIS = YES;
				CLANG_WARN_STRICT_PROTOTYPES = YES;
				CLANG_WARN_SUSPICIOUS_MOVE = YES;
				CLANG_WARN_UNGUARDED_AVAILABILITY = YES_AGGRESSIVE;
				CLANG_WARN_UNREACHABLE_CODE = YES;
				CLANG_WARN__DUPLICATE_METHOD_MATCH = YES;
				COPY_PHASE_STRIP = NO;
				DEBUG_INFORMATION_FORMAT = "dwarf-with-dsym";
				ENABLE_NS_ASSERTIONS = NO;
				ENABLE_STRICT_OBJC_MSGSEND = YES;
				GCC_C_LANGUAGE_STANDARD = gnu11;
				GCC_NO_COMMON_BLOCKS = YES;
				GCC_WARN_64_TO_32_BIT_CONVERSION = YES;
				GCC_WARN_ABOUT_RETURN_TYPE = YES_ERROR;
				GCC_WARN_UNDECLARED_SELECTOR = YES;
				GCC_WARN_UNINITIALIZED_AUTOS = YES_AGGRESSIVE;
				GCC_WARN_UNUSED_FUNCTION = YES;
				GCC_WARN_UNUSED_VARIABLE = YES;
				IPHONEOS_DEPLOYMENT_TARGET = 17.0;
				MTL_ENABLE_DEBUG_INFO = NO;
				MTL_FAST_MATH = YES;
				PRODUCT_NAME = "$(TARGET_NAME)";
				SDKROOT = iphoneos;
				SWIFT_COMPILATION_MODE = wholemodule;
				SWIFT_OPTIMIZATION_LEVEL = "-O";
				SWIFT_VERSION = 6.0;
			};
			name = Release;
		};
		88D4644E8C850F042484E30D /* Release */ = {
			isa = XCBuildConfiguration;
			buildSettings = {
				ASSETCATALOG_COMPILER_APPICON_NAME = AppIcon;
				CODE_SIGN_IDENTITY = "iPhone Developer";
				CURRENT_PROJECT_VERSION = 1;
				GENERATE_INFOPLIST_FILE = YES;
				INFOPLIST_GENERATION = YES;
				INFOPLIST_KEY_CFBundleDisplayName = "Zero Echelon";
				INFOPLIST_KEY_UILaunchScreen_Generation = YES;
				INFOPLIST_KEY_UISupportedInterfaceOrientations = UIInterfaceOrientationPortrait;
				LD_RUNPATH_SEARCH_PATHS = (
					"$(inherited)",
					"@executable_path/Frameworks",
				);
				MARKETING_VERSION = 0.1.0;
				PRODUCT_BUNDLE_IDENTIFIER = ua.zeroechelon.app;
				SDKROOT = iphoneos;
				SWIFT_STRICT_CONCURRENCY = complete;
				TARGETED_DEVICE_FAMILY = "1,2";
			};
			name = Release;
		};
		EB25CA224E9097649724A0FE /* Debug */ = {
			isa = XCBuildConfiguration;
			buildSettings = {
				ASSETCATALOG_COMPILER_APPICON_NAME = AppIcon;
				CODE_SIGN_IDENTITY = "iPhone Developer";
				CURRENT_PROJECT_VERSION = 1;
				GENERATE_INFOPLIST_FILE = YES;
				INFOPLIST_GENERATION = YES;
				INFOPLIST_KEY_CFBundleDisplayName = "Zero Echelon";
				INFOPLIST_KEY_UILaunchScreen_Generation = YES;
				INFOPLIST_KEY_UISupportedInterfaceOrientations = UIInterfaceOrientationPortrait;
				LD_RUNPATH_SEARCH_PATHS = (
					"$(inherited)",
					"@executable_path/Frameworks",
				);
				MARKETING_VERSION = 0.1.0;
				PRODUCT_BUNDLE_IDENTIFIER = ua.zeroechelon.app;
				SDKROOT = iphoneos;
				SWIFT_STRICT_CONCURRENCY = complete;
				TARGETED_DEVICE_FAMILY = "1,2";
			};
			name = Debug;
		};
/* End XCBuildConfiguration section */

/* Begin XCConfigurationList section */
		243E2E4933DC924F3ABDD942 /* Build configuration list for PBXProject "ZeroEchelon" */ = {
			isa = XCConfigurationList;
			buildConfigurations = (
				00CF78B5098F0303EDC750F8 /* Debug */,
				6865A76C6258E59CFB57146D /* Release */,
			);
			defaultConfigurationIsVisible = 0;
			defaultConfigurationName = Debug;
		};
		FC9708952EEC04F659A02F96 /* Build configuration list for PBXNativeTarget "ZeroEchelon" */ = {
			isa = XCConfigurationList;
			buildConfigurations = (
				EB25CA224E9097649724A0FE /* Debug */,
				88D4644E8C850F042484E30D /* Release */,
			);
			defaultConfigurationIsVisible = 0;
			defaultConfigurationName = Debug;
		};
/* End XCConfigurationList section */

/* Begin XCLocalSwiftPackageReference section */
		8A5F38E1C2CF2A15D0DBD616 /* XCLocalSwiftPackageReference "." */ = {
			isa = XCLocalSwiftPackageReference;
			relativePath = .;
		};
/* End XCLocalSwiftPackageReference section */

/* Begin XCSwiftPackageProductDependency section */
		334AA1AC3E896ABACF7307B9 /* ZeroEchelonKit */ = {
			isa = XCSwiftPackageProductDependency;
			productName = ZeroEchelonKit;
		};
/* End XCSwiftPackageProductDependency section */
	};
	rootObject = C57049357ACC97F019A54715 /* Project object */;
}
